<<<<<<< HEAD
=======
<<<<<<<< HEAD:Unidad 2/Sesion 4/Actividad 9/Actividad 9.slnx
>>>>>>> e6d0c8cbce90c861edad4ee0151c7427e1167d78
<Solution>
  <Configurations>
    <Platform Name="x64" />
    <Platform Name="x86" />
  </Configurations>
<<<<<<< HEAD
  <Project Path="Actividad 4/Actividad 4.vcxproj" Id="237eeb16-452a-4290-9cd8-ad2e05cb8d87" />
</Solution>
=======
  <Project Path="Actividad 9/Actividad 9.vcxproj" />
</Solution>
========
<Solution>
  <Configurations>
    <Platform Name="x64" />
    <Platform Name="x86" />
  </Configurations>
  <Project Path="Actividad 4/Actividad 4.vcxproj" />
</Solution>
>>>>>>>> e6d0c8cbce90c861edad4ee0151c7427e1167d78:Unidad 2/Sesion 2/Actividad 4/Actividad 4.slnx
>>>>>>> e6d0c8cbce90c861edad4ee0151c7427e1167d78
